
Microsoft Visual Studio Solution File, Format Version 12.00
# Visual Studio Version 17
VisualStudioVersion = 17.14.36518.9 d17.14
MinimumVisualStudioVersion = 10.0.40219.1
Project("{FAE04EC0-301F-11D3-BF4B-00C04F79EFBC}") = "Shoes", "Shoes\Shoes.csproj", "{55B878B1-FADA-4154-B44C-DF82D09C2C5F}"
EndProject
Global
	GlobalSection(SolutionConfigurationPlatforms) = preSolution
		Debug|Any CPU = Debug|Any CPU
		Release|Any CPU = Release|Any CPU
	EndGlobalSection
	GlobalSection(ProjectConfigurationPlatforms) = postSolution
		{55B878B1-FADA-4154-B44C-DF82D09C2C5F}.Debug|Any CPU.ActiveCfg = Debug|Any CPU
		{55B878B1-FADA-4154-B44C-DF82D09C2C5F}.Debug|Any CPU.Build.0 = Debug|Any CPU
		{55B878B1-FADA-4154-B44C-DF82D09C2C5F}.Release|Any CPU.ActiveCfg = Release|Any CPU
		{55B878B1-FADA-4154-B44C-DF82D09C2C5F}.Release|Any CPU.Build.0 = Release|Any CPU
	EndGlobalSection
	GlobalSection(SolutionProperties) = preSolution
		HideSolutionNode = FALSE
	EndGlobalSection
	GlobalSection(ExtensibilityGlobals) = postSolution
		SolutionGuid = {47405021-6B2F-4992-9D71-EC41467A79F7}
	EndGlobalSection
EndGlobal
